// !$*UTF8*$!
{
	archiveVersion = 1;
	classes = {
	};
	objectVersion = 46;
	objects = {

/* Begin PBXBuildFile section */
		6531A28A1F21A4AF00A02530 /* UINavigationController+NavBarTransparent.m in Sources */ = {isa = PBXBuildFile; fileRef = 6531A2891F21A4AF00A02530 /* UINavigationController+NavBarTransparent.m */; };
		65A272511F209E4600676C24 /* main.m in Sources */ = {isa = PBXBuildFile; fileRef = 65A272501F209E4600676C24 /* main.m */; };
		65A272541F209E4600676C24 /* AppDelegate.m in Sources */ = {isa = PBXBuildFile; fileRef = 65A272531F209E4600676C24 /* AppDelegate.m */; };
		65A272571F209E4600676C24 /* ViewController.m in Sources */ = {isa = PBXBuildFile; fileRef = 65A272561F209E4600676C24 /* ViewController.m */; };
		65A2725A1F209E4600676C24 /* Main.storyboard in Resources */ = {isa = PBXBuildFile; fileRef = 65A272581F209E4600676C24 /* Main.storyboard */; };
		65A2725C1F209E4700676C24 /* Assets.xcassets in Resources */ = {isa = PBXBuildFile; fileRef = 65A2725B1F209E4700676C24 /* Assets.xcassets */; };
		65A2725F1F209E4700676C24 /* LaunchScreen.storyboard in Resources */ = {isa = PBXBuildFile; fileRef = 65A2725D1F209E4700676C24 /* LaunchScreen.storyboard */; };
		C63E922C1F20F170004C1CA2 /* DetailTableViewController.m in Sources */ = {isa = PBXBuildFile; fileRef = C63E922B1F20F170004C1CA2 /* DetailTableViewController.m */; };
/* End PBXBuildFile section */

/* Begin PBXFileReference section */
		6531A2881F21A4AF00A02530 /* UINavigationController+NavBarTransparent.h */ = {isa = PBXFileReference; fileEncoding = 4; lastKnownFileType = sourcecode.c.h; path = "UINavigationController+NavBarTransparent.h"; sourceTree = "<group>"; };
		6531A2891F21A4AF00A02530 /* UINavigationController+NavBarTransparent.m */ = {isa = PBXFileReference; fileEncoding = 4; lastKnownFileType = sourcecode.c.objc; path = "UINavigationController+NavBarTransparent.m"; sourceTree = "<group>"; };
		65A2724C1F209E4600676C24 /* NavBarTransparentDemo.app */ = {isa = PBXFileReference; explicitFileType = wrapper.application; includeInIndex = 0; path = NavBarTransparentDemo.app; sourceTree = BUILT_PRODUCTS_DIR; };
		65A272501F209E4600676C24 /* main.m */ = {isa = PBXFileReference; lastKnownFileType = sourcecode.c.objc; path = main.m; sourceTree = "<group>"; };
		65A272521F209E4600676C24 /* AppDelegate.h */ = {isa = PBXFileReference; lastKnownFileType = sourcecode.c.h; path = AppDelegate.h; sourceTree = "<group>"; };
		65A272531F209E4600676C24 /* AppDelegate.m */ = {isa = PBXFileReference; lastKnownFileType = sourcecode.c.objc; path = AppDelegate.m; sourceTree = "<group>"; };
		65A272551F209E4600676C24 /* ViewController.h */ = {isa = PBXFileReference; lastKnownFileType = sourcecode.c.h; path = ViewController.h; sourceTree = "<group>"; };
		65A272561F209E4600676C24 /* ViewController.m */ = {isa = PBXFileReference; lastKnownFileType = sourcecode.c.objc; path = ViewController.m; sourceTree = "<group>"; };
		65A272591F209E4600676C24 /* Base */ = {isa = PBXFileReference; lastKnownFileType = file.storyboard; name = Base; path = Base.lproj/Main.storyboard; sourceTree = "<group>"; };
		65A2725B1F209E4700676C24 /* Assets.xcassets */ = {isa = PBXFileReference; lastKnownFileType = folder.assetcatalog; path = Assets.xcassets; sourceTree = "<group>"; };
		65A2725E1F209E4700676C24 /* Base */ = {isa = PBXFileReference; lastKnownFileType = file.storyboard; name = Base; path = Base.lproj/LaunchScreen.storyboard; sourceTree = "<group>"; };
		65A272601F209E4700676C24 /* Info.plist */ = {isa = PBXFileReference; lastKnownFileType = text.plist.xml; path = Info.plist; sourceTree = "<group>"; };
		C63E922A1F20F170004C1CA2 /* DetailTableViewController.h */ = {isa = PBXFileReference; fileEncoding = 4; lastKnownFileType = sourcecode.c.h; path = DetailTableViewController.h; sourceTree = "<group>"; };
		C63E922B1F20F170004C1CA2 /* DetailTableViewController.m */ = {isa = PBXFileReference; fileEncoding = 4; lastKnownFileType = sourcecode.c.objc; path = DetailTableViewController.m; sourceTree = "<group>"; };
/* End PBXFileReference section */

/* Begin PBXFrameworksBuildPhase section */
		65A272491F209E4600676C24 /* Frameworks */ = {
			isa = PBXFrameworksBuildPhase;
			buildActionMask = 2147483647;
			files = (
			);
			runOnlyForDeploymentPostprocessing = 0;
		};
/* End PBXFrameworksBuildPhase section */

/* Begin PBXGroup section */
		65A272431F209E4600676C24 = {
			isa = PBXGroup;
			children = (
				65A2724E1F209E4600676C24 /* NavBarTransparentDemo */,
				65A2724D1F209E4600676C24 /* Products */,
			);
			sourceTree = "<group>";
		};
		65A2724D1F209E4600676C24 /* Products */ = {
			isa = PBXGroup;
			children = (
				65A2724C1F209E4600676C24 /* NavBarTransparentDemo.app */,
			);
			name = Products;
			sourceTree = "<group>";
		};
		65A2724E1F209E4600676C24 /* NavBarTransparentDemo */ = {
			isa = PBXGroup;
			children = (
				65A272521F209E4600676C24 /* AppDelegate.h */,
				65A272531F209E4600676C24 /* AppDelegate.m */,
				65A272551F209E4600676C24 /* ViewController.h */,
				65A272561F209E4600676C24 /* ViewController.m */,
				C63E922A1F20F170004C1CA2 /* DetailTableViewController.h */,
				C63E922B1F20F170004C1CA2 /* DetailTableViewController.m */,
				6531A2881F21A4AF00A02530 /* UINavigationController+NavBarTransparent.h */,
				6531A2891F21A4AF00A02530 /* UINavigationController+NavBarTransparent.m */,
				65A272581F209E4600676C24 /* Main.storyboard */,
				65A2725B1F209E4700676C24 /* Assets.xcassets */,
				65A2725D1F209E4700676C24 /* LaunchScreen.storyboard */,
				65A272601F209E4700676C24 /* Info.plist */,
				65A2724F1F209E4600676C24 /* Supporting Files */,
			);
			path = NavBarTransparentDemo;
			sourceTree = "<group>";
		};
		65A2724F1F209E4600676C24 /* Supporting Files */ = {
			isa = PBXGroup;
			children = (
				65A272501F209E4600676C24 /* main.m */,
			);
			name = "Supporting Files";
			sourceTree = "<group>";
		};
/* End PBXGroup section */

/* Begin PBXNativeTarget section */
		65A2724B1F209E4600676C24 /* NavBarTransparentDemo */ = {
			isa = PBXNativeTarget;
			buildConfigurationList = 65A272631F209E4700676C24 /* Build configuration list for PBXNativeTarget "NavBarTransparentDemo" */;
			buildPhases = (
				65A272481F209E4600676C24 /* Sources */,
				65A272491F209E4600676C24 /* Frameworks */,
				65A2724A1F209E4600676C24 /* Resources */,
			);
			buildRules = (
			);
			dependencies = (
			);
			name = NavBarTransparentDemo;
			productName = NavBarTransparentDemo;
			productReference = 65A2724C1F209E4600676C24 /* NavBarTransparentDemo.app */;
			productType = "com.apple.product-type.application";
		};
/* End PBXNativeTarget section */

/* Begin PBXProject section */
		65A272441F209E4600676C24 /* Project object */ = {
			isa = PBXProject;
			attributes = {
				LastUpgradeCheck = 0830;
				ORGANIZATIONNAME = fay_fan;
				TargetAttributes = {
					65A2724B1F209E4600676C24 = {
						CreatedOnToolsVersion = 8.3.3;
						DevelopmentTeam = N36QML33YE;
						ProvisioningStyle = Automatic;
					};
				};
			};
			buildConfigurationList = 65A272471F209E4600676C24 /* Build configuration list for PBXProject "NavBarTransparentDemo" */;
			compatibilityVersion = "Xcode 3.2";
			developmentRegion = English;
			hasScannedForEncodings = 0;
			knownRegions = (
				en,
				Base,
			);
			mainGroup = 65A272431F209E4600676C24;
			productRefGroup = 65A2724D1F209E4600676C24 /* Products */;
			projectDirPath = "";
			projectRoot = "";
			targets = (
				65A2724B1F209E4600676C24 /* NavBarTransparentDemo */,
			);
		};
/* End PBXProject section */

/* Begin PBXResourcesBuildPhase section */
		65A2724A1F209E4600676C24 /* Resources */ = {
			isa = PBXResourcesBuildPhase;
			buildActionMask = 2147483647;
			files = (
				65A2725F1F209E4700676C24 /* LaunchScreen.storyboard in Resources */,
				65A2725C1F209E4700676C24 /* Assets.xcassets in Resources */,
				65A2725A1F209E4600676C24 /* Main.storyboard in Resources */,
			);
			runOnlyForDeploymentPostprocessing = 0;
		};
/* End PBXResourcesBuildPhase section */

/* Begin PBXSourcesBuildPhase section */
		65A272481F209E4600676C24 /* Sources */ = {
			isa = PBXSourcesBuildPhase;
			buildActionMask = 2147483647;
			files = (
				C63E922C1F20F170004C1CA2 /* DetailTableViewController.m in Sources */,
				65A272571F209E4600676C24 /* ViewController.m in Sources */,
				65A272541F209E4600676C24 /* AppDelegate.m in Sources */,
				6531A28A1F21A4AF00A02530 /* UINavigationController+NavBarTransparent.m in Sources */,
				65A272511F209E4600676C24 /* main.m in Sources */,
			);
			runOnlyForDeploymentPostprocessing = 0;
		};
/* End PBXSourcesBuildPhase section */

/* Begin PBXVariantGroup section */
		65A272581F209E4600676C24 /* Main.storyboard */ = {
			isa = PBXVariantGroup;
			children = (
				65A272591F209E4600676C24 /* Base */,
			);
			name = Main.storyboard;
			sourceTree = "<group>";
		};
		65A2725D1F209E4700676C24 /* LaunchScreen.storyboard */ = {
			isa = PBXVariantGroup;
			children = (
				65A2725E1F209E4700676C24 /* Base */,
			);
			name = LaunchScreen.storyboard;
			sourceTree = "<group>";
		};
/* End PBXVariantGroup section */

/* Begin XCBuildConfiguration section */
		65A272611F209E4700676C24 /* Debug */ = {
			isa = XCBuildConfiguration;
			buildSettings = {
				ALWAYS_SEARCH_USER_PATHS = NO;
				CLANG_ANALYZER_NONNULL = YES;
				CLANG_ANALYZER_NUMBER_OBJECT_CONVERSION = YES_AGGRESSIVE;
				CLANG_CXX_LANGUAGE_STANDARD = "gnu++0x";
				CLANG_CXX_LIBRARY = "libc++";
				CLANG_ENABLE_MODULES = YES;
				CLANG_ENABLE_OBJC_ARC = YES;
				CLANG_WARN_BOOL_CONVERSION = YES;
				CLANG_WARN_CONSTANT_CONVERSION = YES;
				CLANG_WARN_DIRECT_OBJC_ISA_USAGE = YES_ERROR;
				CLANG_WARN_DOCUMENTATION_COMMENTS = YES;
				CLANG_WARN_EMPTY_BODY = YES;
				CLANG_WARN_ENUM_CONVERSION = YES;
				CLANG_WARN_INFINITE_RECURSION = YES;
				CLANG_WARN_INT_CONVERSION = YES;
				CLANG_WARN_OBJC_ROOT_CLASS = YES_ERROR;
				CLANG_WARN_SUSPICIOUS_MOVE = YES;
				CLANG_WARN_UNREACHABLE_CODE = YES;
				CLANG_WARN__DUPLICATE_METHOD_MATCH = YES;
				"CODE_SIGN_IDENTITY[sdk=iphoneos*]" = "iPhone Developer";
				COPY_PHASE_STRIP = NO;
				DEBUG_INFORMATION_FORMAT = dwarf;
				ENABLE_STRICT_OBJC_MSGSEND = YES;
				ENABLE_TESTABILITY = YES;
				GCC_C_LANGUAGE_STANDARD = gnu99;
				GCC_DYNAMIC_NO_PIC = NO;
				GCC_NO_COMMON_BLOCKS = YES;
				GCC_OPTIMIZATION_LEVEL = 0;
				GCC_PREPROCESSOR_DEFINITIONS = (
					"DEBUG=1",
					"$(inherited)",
				);
				GCC_WARN_64_TO_32_BIT_CONVERSION = YES;
				GCC_WARN_ABOUT_RETURN_TYPE = YES_ERROR;
				GCC_WARN_UNDECLARED_SELECTOR = YES;
				GCC_WARN_UNINITIALIZED_AUTOS = YES_AGGRESSIVE;
				GCC_WARN_UNUSED_FUNCTION = YES;
				GCC_WARN_UNUSED_VARIABLE = YES;
				IPHONEOS_DEPLOYMENT_TARGET = 10.3;
				MTL_ENABLE_DEBUG_INFO = YES;
				ONLY_ACTIVE_ARCH = YES;
				SDKROOT = iphoneos;
				TARGETED_DEVICE_FAMILY = "1,2";
			};
			name = Debug;
		};
		65A272621F209E4700676C24 /* Release */ = {
			isa = XCBuildConfiguration;
			buildSettings = {
				ALWAYS_SEARCH_USER_PATHS = NO;
				CLANG_ANALYZER_NONNULL = YES;
				CLANG_ANALYZER_NUMBER_OBJECT_CONVERSION = YES_AGGRESSIVE;
				CLANG_CXX_LANGUAGE_STANDARD = "gnu++0x";
				CLANG_CXX_LIBRARY = "libc++";
				CLANG_ENABLE_MODULES = YES;
				CLANG_ENABLE_OBJC_ARC = YES;
				CLANG_WARN_BOOL_CONVERSION = YES;
				CLANG_WARN_CONSTANT_CONVERSION = YES;
				CLANG_WARN_DIRECT_OBJC_ISA_USAGE = YES_ERROR;
				CLANG_WARN_DOCUMENTATION_COMMENTS = YES;
				CLANG_WARN_EMPTY_BODY = YES;
				CLANG_WARN_ENUM_CONVERSION = YES;
				CLANG_WARN_INFINITE_RECURSION = YES;
				CLANG_WARN_INT_CONVERSION = YES;
				CLANG_WARN_OBJC_ROOT_CLASS = YES_ERROR;
				CLANG_WARN_SUSPICIOUS_MOVE = YES;
				CLANG_WARN_UNREACHABLE_CODE = YES;
				CLANG_WARN__DUPLICATE_METHOD_MATCH = YES;
				"CODE_SIGN_IDENTITY[sdk=iphoneos*]" = "iPhone Developer";
				COPY_PHASE_STRIP = NO;
				DEBUG_INFORMATION_FORMAT = "dwarf-with-dsym";
				ENABLE_NS_ASSERTIONS = NO;
				ENABLE_STRICT_OBJC_MSGSEND = YES;
				GCC_C_LANGUAGE_STANDARD = gnu99;
				GCC_NO_COMMON_BLOCKS = YES;
				GCC_WARN_64_TO_32_BIT_CONVERSION = YES;
				GCC_WARN_ABOUT_RETURN_TYPE = YES_ERROR;
				GCC_WARN_UNDECLARED_SELECTOR = YES;
				GCC_WARN_UNINITIALIZED_AUTOS = YES_AGGRESSIVE;
				GCC_WARN_UNUSED_FUNCTION = YES;
				GCC_WARN_UNUSED_VARIABLE = YES;
				IPHONEOS_DEPLOYMENT_TARGET = 10.3;
				MTL_ENABLE_DEBUG_INFO = NO;
				SDKROOT = iphoneos;
				TARGETED_DEVICE_FAMILY = "1,2";
				VALIDATE_PRODUCT = YES;
			};
			name = Release;
		};
		65A272641F209E4700676C24 /* Debug */ = {
			isa = XCBuildConfiguration;
			buildSettings = {
				ASSETCATALOG_COMPILER_APPICON_NAME = AppIcon;
				DEVELOPMENT_TEAM = N36QML33YE;
				INFOPLIST_FILE = NavBarTransparentDemo/Info.plist;
				IPHONEOS_DEPLOYMENT_TARGET = 8.0;
				LD_RUNPATH_SEARCH_PATHS = "$(inherited) @executable_path/Frameworks";
				PRODUCT_BUNDLE_IDENTIFIER = com.hanzhou.www.NavBarTransparentDemo;
				PRODUCT_NAME = "$(TARGET_NAME)";
			};
			name = Debug;
		};
		65A272651F209E4700676C24 /* Release */ = {
			isa = XCBuildConfiguration;
			buildSettings = {
				ASSETCATALOG_COMPILER_APPICON_NAME = AppIcon;
				DEVELOPMENT_TEAM = N36QML33YE;
				INFOPLIST_FILE = NavBarTransparentDemo/Info.plist;
				IPHONEOS_DEPLOYMENT_TARGET = 8.0;
				LD_RUNPATH_SEARCH_PATHS = "$(inherited) @executable_path/Frameworks";
				PRODUCT_BUNDLE_IDENTIFIER = com.hanzhou.www.NavBarTransparentDemo;
				PRODUCT_NAME = "$(TARGET_NAME)";
			};
			name = Release;
		};
/* End XCBuildConfiguration section */

/* Begin XCConfigurationList section */
		65A272471F209E4600676C24 /* Build configuration list for PBXProject "NavBarTransparentDemo" */ = {
			isa = XCConfigurationList;
			buildConfigurations = (
				65A272611F209E4700676C24 /* Debug */,
				65A272621F209E4700676C24 /* Release */,
			);
			defaultConfigurationIsVisible = 0;
			defaultConfigurationName = Release;
		};
		65A272631F209E4700676C24 /* Build configuration list for PBXNativeTarget "NavBarTransparentDemo" */ = {
			isa = XCConfigurationList;
			buildConfigurations = (
				65A272641F209E4700676C24 /* Debug */,
				65A272651F209E4700676C24 /* Release */,
			);
			defaultConfigurationIsVisible = 0;
			defaultConfigurationName = Release;
		};
/* End XCConfigurationList section */
	};
	rootObject = 65A272441F209E4600676C24 /* Project object */;
}
